
Microsoft Visual Studio Solution File, Format Version 12.00
# Visual Studio 15
VisualStudioVersion = 15.0.28307.271
MinimumVisualStudioVersion = 10.0.40219.1
Project("{FAE04EC0-301F-11D3-BF4B-00C04F79EFBC}") = "NT-RezervasyonSistemi", "WindowsFormsApp1\NT-RezervasyonSistemi.csproj", "{4FBBE224-7DF4-4B37-A60A-1FB16914BFE9}"
EndProject
Project("{FAE04EC0-301F-11D3-BF4B-00C04F79EFBC}") = "RezervasyonClassLib", "RezervasyonClassLib\RezervasyonClassLib.csproj", "{655D28AF-5E6B-4DDD-B92C-B4B26C09E13F}"
EndProject
Global
	GlobalSection(SolutionConfigurationPlatforms) = preSolution
		Debug|Any CPU = Debug|Any CPU
		Release|Any CPU = Release|Any CPU
	EndGlobalSection
	GlobalSection(ProjectConfigurationPlatforms) = postSolution
		{4FBBE224-7DF4-4B37-A60A-1FB16914BFE9}.Debug|Any CPU.ActiveCfg = Debug|Any CPU
		{4FBBE224-7DF4-4B37-A60A-1FB16914BFE9}.Debug|Any CPU.Build.0 = Debug|Any CPU
		{4FBBE224-7DF4-4B37-A60A-1FB16914BFE9}.Release|Any CPU.ActiveCfg = Release|Any CPU
		{4FBBE224-7DF4-4B37-A60A-1FB16914BFE9}.Release|Any CPU.Build.0 = Release|Any CPU
		{655D28AF-5E6B-4DDD-B92C-B4B26C09E13F}.Debug|Any CPU.ActiveCfg = Debug|Any CPU
		{655D28AF-5E6B-4DDD-B92C-B4B26C09E13F}.Debug|Any CPU.Build.0 = Debug|Any CPU
		{655D28AF-5E6B-4DDD-B92C-B4B26C09E13F}.Release|Any CPU.ActiveCfg = Release|Any CPU
		{655D28AF-5E6B-4DDD-B92C-B4B26C09E13F}.Release|Any CPU.Build.0 = Release|Any CPU
	EndGlobalSection
	GlobalSection(SolutionProperties) = preSolution
		HideSolutionNode = FALSE
	EndGlobalSection
	GlobalSection(ExtensibilityGlobals) = postSolution
		SolutionGuid = {C23DCAB6-A04A-4748-AE4F-09A1322EFAC7}
	EndGlobalSection
EndGlobal
